
Microsoft Visual Studio Solution File, Format Version 12.00
# Visual Studio 15
VisualStudioVersion = 15.0.28010.2003
MinimumVisualStudioVersion = 10.0.40219.1
Project("{9A19103F-16F7-4668-BE54-9A1E7A4F7556}") = "Neural.Net.CPU", "src\Neural.Net.CPU\Neural.Net.CPU.csproj", "{0AA0DD2D-08CB-4463-9A6C-E4EC6E5972FF}"
EndProject
Global
	GlobalSection(SolutionConfigurationPlatforms) = preSolution
		Debug|Any CPU = Debug|Any CPU
		Release|Any CPU = Release|Any CPU
	EndGlobalSection
	GlobalSection(ProjectConfigurationPlatforms) = postSolution
		{0AA0DD2D-08CB-4463-9A6C-E4EC6E5972FF}.Debug|Any CPU.ActiveCfg = Debug|Any CPU
		{0AA0DD2D-08CB-4463-9A6C-E4EC6E5972FF}.Debug|Any CPU.Build.0 = Debug|Any CPU
		{0AA0DD2D-08CB-4463-9A6C-E4EC6E5972FF}.Release|Any CPU.ActiveCfg = Release|Any CPU
		{0AA0DD2D-08CB-4463-9A6C-E4EC6E5972FF}.Release|Any CPU.Build.0 = Release|Any CPU
	EndGlobalSection
	GlobalSection(SolutionProperties) = preSolution
		HideSolutionNode = FALSE
	EndGlobalSection
	GlobalSection(ExtensibilityGlobals) = postSolution
		SolutionGuid = {E0A8E576-FC8B-4E71-B25C-63622A094010}
	EndGlobalSection
EndGlobal
